# This file is generated by running "yarn install" inside your project.
# Manual changes might be lost - proceed with caution!

__metadata:
  version: 8
  cacheKey: 10

"@adraffy/ens-normalize@npm:^1.11.0":
  version: 1.11.1
  resolution: "@adraffy/ens-normalize@npm:1.11.1"
  checksum: 10/dd19274d9fcaf99bf08a62b64e54f4748de11b235767addbd3f7385ae1b7777bd704d17ff003ffaa3295a0b9d035929381cf3b38329c96260bff96aab8ad7b37
  languageName: node
  linkType: hard

"@celo/governance@workspace:.":
  version: 0.0.0-use.local
  resolution: "@celo/governance@workspace:."
  dependencies:
    micromark: "npm:^4.0.0"
    micromark-extension-gfm-table: "npm:^2.0.0"
    viem: "npm:^2.21.54"
    yaml: "npm:^2.4.1"
    zod: "npm:^3.22.4"
  languageName: unknown
  linkType: soft

"@noble/ciphers@npm:^1.3.0":
  version: 1.3.0
  resolution: "@noble/ciphers@npm:1.3.0"
  checksum: 10/051660051e3e9e2ca5fb9dece2885532b56b7e62946f89afa7284a0fb8bc02e2bd1c06554dba68162ff42d295b54026456084198610f63c296873b2f1cd7a586
  languageName: node
  linkType: hard

"@noble/curves@npm:1.9.1":
  version: 1.9.1
  resolution: "@noble/curves@npm:1.9.1"
  dependencies:
    "@noble/hashes": "npm:1.8.0"
  checksum: 10/5c82ec828ca4a4218b1666ba0ddffde17afd224d0bd5e07b64c2a0c83a3362483387f55c11cfd8db0fc046605394fe4e2c67fe024628a713e864acb541a7d2bb
  languageName: node
  linkType: hard

"@noble/curves@npm:~1.9.0":
  version: 1.9.7
  resolution: "@noble/curves@npm:1.9.7"
  dependencies:
    "@noble/hashes": "npm:1.8.0"
  checksum: 10/3cfe2735ea94972988ca9e217e0ebb2044372a7160b2079bf885da789492a6291fc8bf76ca3d8bf8dee477847ee2d6fac267d1e6c4f555054059f5e8c4865d44
  languageName: node
  linkType: hard

"@noble/hashes@npm:1.8.0, @noble/hashes@npm:^1.8.0, @noble/hashes@npm:~1.8.0":
  version: 1.8.0
  resolution: "@noble/hashes@npm:1.8.0"
  checksum: 10/474b7f56bc6fb2d5b3a42132561e221b0ea4f91e590f4655312ca13667840896b34195e2b53b7f097ec080a1fdd3b58d902c2a8d0fbdf51d2e238b53808a177e
  languageName: node
  linkType: hard

"@scure/base@npm:~1.2.5":
  version: 1.2.6
  resolution: "@scure/base@npm:1.2.6"
  checksum: 10/c1a7bd5e0b0c8f94c36fbc220f4a67cc832b00e2d2065c7d8a404ed81ab1c94c5443def6d361a70fc382db3496e9487fb9941728f0584782b274c18a4bed4187
  languageName: node
  linkType: hard

"@scure/bip32@npm:1.7.0, @scure/bip32@npm:^1.7.0":
  version: 1.7.0
  resolution: "@scure/bip32@npm:1.7.0"
  dependencies:
    "@noble/curves": "npm:~1.9.0"
    "@noble/hashes": "npm:~1.8.0"
    "@scure/base": "npm:~1.2.5"
  checksum: 10/f90e0c23ab6a31a164856ae9cb9a8cae2886df608c74a6c0c4875095b017e30ffd92f28f73b8c52890d9a89fca86d19f6d60bb1ea7cad64c7987f92ae83509ad
  languageName: node
  linkType: hard

"@scure/bip39@npm:1.6.0, @scure/bip39@npm:^1.6.0":
  version: 1.6.0
  resolution: "@scure/bip39@npm:1.6.0"
  dependencies:
    "@noble/hashes": "npm:~1.8.0"
    "@scure/base": "npm:~1.2.5"
  checksum: 10/63e60c40fa1bda2c1b50351546fee6d7b0947cc814aa7a4209dcedd3693b5053302c8fca28292f5f50735e11c613265359acdc019127393dbab17e53489fc449
  languageName: node
  linkType: hard

"@types/debug@npm:^4.0.0":
  version: 4.1.12
  resolution: "@types/debug@npm:4.1.12"
  dependencies:
    "@types/ms": "npm:*"
  checksum: 10/47876a852de8240bfdaf7481357af2b88cb660d30c72e73789abf00c499d6bc7cd5e52f41c915d1b9cd8ec9fef5b05688d7b7aef17f7f272c2d04679508d1053
  languageName: node
  linkType: hard

"@types/ms@npm:*":
  version: 0.7.34
  resolution: "@types/ms@npm:0.7.34"
  checksum: 10/f38d36e7b6edecd9badc9cf50474159e9da5fa6965a75186cceaf883278611b9df6669dc3a3cc122b7938d317b68a9e3d573d316fcb35d1be47ec9e468c6bd8a
  languageName: node
  linkType: hard

"abitype@npm:1.1.0":
  version: 1.1.0
  resolution: "abitype@npm:1.1.0"
  peerDependencies:
    typescript: ">=5.0.4"
    zod: ^3.22.0 || ^4.0.0
  peerDependenciesMeta:
    typescript:
      optional: true
    zod:
      optional: true
  checksum: 10/fe445c095dcb255e32c50bb1342a49d32c03def8549347bfe7f73f54ebdc3198adf2af6366af89e1e9bd3d04beab3f22f35e099754655a6becd45e09ca30d375
  languageName: node
  linkType: hard

"abitype@npm:^1.0.9":
  version: 1.2.0
  resolution: "abitype@npm:1.2.0"
  peerDependencies:
    typescript: ">=5.0.4"
    zod: ^3.22.0 || ^4.0.0
  peerDependenciesMeta:
    typescript:
      optional: true
    zod:
      optional: true
  checksum: 10/04eb6bb8eec9422c538995cd508db851e6e59b84fb90e20207e43a6a1d1dcb4d434abacb7c5a277a0c039447dc666e676bbc1548e917e554c499ce86443416a5
  languageName: node
  linkType: hard

"character-entities@npm:^2.0.0":
  version: 2.0.2
  resolution: "character-entities@npm:2.0.2"
  checksum: 10/c8dd1f4bf1a92fccf7d2fad9673660a88b37854557d30f6076c32fedfb92d1420208298829ff1d3b6b4fa1c7012e8326c45e7f5c3ed1e9a09ec177593c521b2f
  languageName: node
  linkType: hard

"debug@npm:^4.0.0":
  version: 4.3.4
  resolution: "debug@npm:4.3.4"
  dependencies:
    ms: "npm:2.1.2"
  peerDependenciesMeta:
    supports-color:
      optional: true
  checksum: 10/0073c3bcbd9cb7d71dd5f6b55be8701af42df3e56e911186dfa46fac3a5b9eb7ce7f377dd1d3be6db8977221f8eb333d945216f645cf56f6b688cd484837d255
  languageName: node
  linkType: hard

"decode-named-character-reference@npm:^1.0.0":
  version: 1.0.2
  resolution: "decode-named-character-reference@npm:1.0.2"
  dependencies:
    character-entities: "npm:^2.0.0"
  checksum: 10/f4c71d3b93105f20076052f9cb1523a22a9c796b8296cd35eef1ca54239c78d182c136a848b83ff8da2071e3ae2b1d300bf29d00650a6d6e675438cc31b11d78
  languageName: node
  linkType: hard

"dequal@npm:^2.0.0":
  version: 2.0.3
  resolution: "dequal@npm:2.0.3"
  checksum: 10/6ff05a7561f33603df87c45e389c9ac0a95e3c056be3da1a0c4702149e3a7f6fe5ffbb294478687ba51a9e95f3a60e8b6b9005993acd79c292c7d15f71964b6b
  languageName: node
  linkType: hard

"devlop@npm:^1.0.0":
  version: 1.1.0
  resolution: "devlop@npm:1.1.0"
  dependencies:
    dequal: "npm:^2.0.0"
  checksum: 10/3cc5f903d02d279d6dc4aa71ab6ed9898b9f4d1f861cc5421ce7357893c21b9520de78afb203c92bd650a6977ad0ca98195453a0707a39958cf5fea3b0a8ddd8
  languageName: node
  linkType: hard

"eventemitter3@npm:5.0.1":
  version: 5.0.1
  resolution: "eventemitter3@npm:5.0.1"
  checksum: 10/ac6423ec31124629c84c7077eed1e6987f6d66c31cf43c6fcbf6c87791d56317ce808d9ead483652436df171b526fc7220eccdc9f3225df334e81582c3cf7dd5
  languageName: node
  linkType: hard

"isows@npm:1.0.7":
  version: 1.0.7
  resolution: "isows@npm:1.0.7"
  peerDependencies:
    ws: "*"
  checksum: 10/044b949b369872882af07b60b613b5801ae01b01a23b5b72b78af80c8103bbeed38352c3e8ceff13a7834bc91fd2eb41cf91ec01d59a041d8705680e6b0ec546
  languageName: node
  linkType: hard

"micromark-core-commonmark@npm:^2.0.0":
  version: 2.0.0
  resolution: "micromark-core-commonmark@npm:2.0.0"
  dependencies:
    decode-named-character-reference: "npm:^1.0.0"
    devlop: "npm:^1.0.0"
    micromark-factory-destination: "npm:^2.0.0"
    micromark-factory-label: "npm:^2.0.0"
    micromark-factory-space: "npm:^2.0.0"
    micromark-factory-title: "npm:^2.0.0"
    micromark-factory-whitespace: "npm:^2.0.0"
    micromark-util-character: "npm:^2.0.0"
    micromark-util-chunked: "npm:^2.0.0"
    micromark-util-classify-character: "npm:^2.0.0"
    micromark-util-html-tag-name: "npm:^2.0.0"
    micromark-util-normalize-identifier: "npm:^2.0.0"
    micromark-util-resolve-all: "npm:^2.0.0"
    micromark-util-subtokenize: "npm:^2.0.0"
    micromark-util-symbol: "npm:^2.0.0"
    micromark-util-types: "npm:^2.0.0"
  checksum: 10/67f6e2f062f42a7ae21e8a409f3663843703a830ff27cf0f41cb0fb712c58e55409db428531d8124c4ef8d698cd81e7eb41485d24b8c352d2f0c06b535865367
  languageName: node
  linkType: hard

"micromark-extension-gfm-table@npm:^2.0.0":
  version: 2.0.0
  resolution: "micromark-extension-gfm-table@npm:2.0.0"
  dependencies:
    devlop: "npm:^1.0.0"
    micromark-factory-space: "npm:^2.0.0"
    micromark-util-character: "npm:^2.0.0"
    micromark-util-symbol: "npm:^2.0.0"
    micromark-util-types: "npm:^2.0.0"
  checksum: 10/3fbdf52ba8c9d0fa2dddab2f6a669e4386ea58ff6b979de16e6d1ff4c055b7b933f138257326ee45b2b14c8319b7cdb264a9bb77330caccae176765c8a488fd0
  languageName: node
  linkType: hard

"micromark-factory-destination@npm:^2.0.0":
  version: 2.0.0
  resolution: "micromark-factory-destination@npm:2.0.0"
  dependencies:
    micromark-util-character: "npm:^2.0.0"
    micromark-util-symbol: "npm:^2.0.0"
    micromark-util-types: "npm:^2.0.0"
  checksum: 10/d36e65ed1c072ff4148b016783148ba7c68a078991154625723e24bda3945160268fb91079fb28618e1613c2b6e70390a8ddc544c45410288aa27b413593071a
  languageName: node
  linkType: hard

"micromark-factory-label@npm:^2.0.0":
  version: 2.0.0
  resolution: "micromark-factory-label@npm:2.0.0"
  dependencies:
    devlop: "npm:^1.0.0"
    micromark-util-character: "npm:^2.0.0"
    micromark-util-symbol: "npm:^2.0.0"
    micromark-util-types: "npm:^2.0.0"
  checksum: 10/c021dbd0ed367610d35f2bae21209bc804d1a6d1286ffce458fd6a717f4d7fe581a7cba7d5c2d7a63757c44eb927c80d6a571d6ea7969fae1b48ab6461d109c4
  languageName: node
  linkType: hard

"micromark-factory-space@npm:^2.0.0":
  version: 2.0.0
  resolution: "micromark-factory-space@npm:2.0.0"
  dependencies:
    micromark-util-character: "npm:^2.0.0"
    micromark-util-types: "npm:^2.0.0"
  checksum: 10/4ffdcdc2f759887bbb356500cb460b3915ecddcb5d85c3618d7df68ad05d13ed02b1153ee1845677b7d8126df8f388288b84fcf0d943bd9c92bcc71cd7222e37
  languageName: node
  linkType: hard

"micromark-factory-title@npm:^2.0.0":
  version: 2.0.0
  resolution: "micromark-factory-title@npm:2.0.0"
  dependencies:
    micromark-factory-space: "npm:^2.0.0"
    micromark-util-character: "npm:^2.0.0"
    micromark-util-symbol: "npm:^2.0.0"
    micromark-util-types: "npm:^2.0.0"
  checksum: 10/39e1ac23af3554e6e652e56065579bc7faf21ade7b8704b29c175871b4152b7109b790bb3cae0f7e088381139c6bac9553b8400772c3d322e4fa635f813a3578
  languageName: node
  linkType: hard

"micromark-factory-whitespace@npm:^2.0.0":
  version: 2.0.0
  resolution: "micromark-factory-whitespace@npm:2.0.0"
  dependencies:
    micromark-factory-space: "npm:^2.0.0"
    micromark-util-character: "npm:^2.0.0"
    micromark-util-symbol: "npm:^2.0.0"
    micromark-util-types: "npm:^2.0.0"
  checksum: 10/9587c2546d1a58b4d5472b42adf05463f6212d0449455285662d63cd8eaed89c6b159ac82713fcee5f9dd88628c24307d9533cccd8971a2f3f4d48702f8f850a
  languageName: node
  linkType: hard

"micromark-util-character@npm:^2.0.0":
  version: 2.1.0
  resolution: "micromark-util-character@npm:2.1.0"
  dependencies:
    micromark-util-symbol: "npm:^2.0.0"
    micromark-util-types: "npm:^2.0.0"
  checksum: 10/089fe853c2bede2a48fd73d977910fa657c3cf6649eddcd300557a975c6c7f1c73030d01724a483ff1dc69a0d3ac28b43b2ba4210f5ea6414807cdcd0c2fa63c
  languageName: node
  linkType: hard

"micromark-util-chunked@npm:^2.0.0":
  version: 2.0.0
  resolution: "micromark-util-chunked@npm:2.0.0"
  dependencies:
    micromark-util-symbol: "npm:^2.0.0"
  checksum: 10/324f95cccdae061332a8241936eaba6ef0782a1e355bac5c607ad2564fd3744929be7dc81651315a2921535747a33243e6a5606bcb64b7a56d49b6d74ea1a3d4
  languageName: node
  linkType: hard

"micromark-util-classify-character@npm:^2.0.0":
  version: 2.0.0
  resolution: "micromark-util-classify-character@npm:2.0.0"
  dependencies:
    micromark-util-character: "npm:^2.0.0"
    micromark-util-symbol: "npm:^2.0.0"
    micromark-util-types: "npm:^2.0.0"
  checksum: 10/086e52904deffebb793fb1c08c94aabb8901f76958142dfc3a6282890ebaa983b285e69bd602b9d507f1b758ed38e75a994d2ad9fbbefa7de2584f67a16af405
  languageName: node
  linkType: hard

"micromark-util-combine-extensions@npm:^2.0.0":
  version: 2.0.0
  resolution: "micromark-util-combine-extensions@npm:2.0.0"
  dependencies:
    micromark-util-chunked: "npm:^2.0.0"
    micromark-util-types: "npm:^2.0.0"
  checksum: 10/107c47700343f365b4ed81551e18bc3458b573c500e56ac052b2490bd548adc475216e41d2271633a8867fac66fc22ba3e0a2d74a31ed79b9870ca947eb4e3ba
  languageName: node
  linkType: hard

"micromark-util-decode-numeric-character-reference@npm:^2.0.0":
  version: 2.0.1
  resolution: "micromark-util-decode-numeric-character-reference@npm:2.0.1"
  dependencies:
    micromark-util-symbol: "npm:^2.0.0"
  checksum: 10/9512507722efd2033a9f08715eeef787fbfe27e23edf55db21423d46d82ab46f76c89b4f960be3f5e50a2d388d89658afc0647989cf256d051e9ea01277a1adb
  languageName: node
  linkType: hard

"micromark-util-encode@npm:^2.0.0":
  version: 2.0.0
  resolution: "micromark-util-encode@npm:2.0.0"
  checksum: 10/853a3f33fce72aaf4ffa60b7f2b6fcfca40b270b3466e1b96561b02185d2bd8c01dd7948bc31a24ac014f4cc854e545ca9a8e9cf7ea46262f9d24c9e88551c66
  languageName: node
  linkType: hard

"micromark-util-html-tag-name@npm:^2.0.0":
  version: 2.0.0
  resolution: "micromark-util-html-tag-name@npm:2.0.0"
  checksum: 10/d786d4486f93eb0ac5b628779809ca97c5dc60f3c9fc03eb565809831db181cf8cb7f05f9ac76852f3eb35461af0f89fa407b46f3a03f4f97a96754d8dc540d8
  languageName: node
  linkType: hard

"micromark-util-normalize-identifier@npm:^2.0.0":
  version: 2.0.0
  resolution: "micromark-util-normalize-identifier@npm:2.0.0"
  dependencies:
    micromark-util-symbol: "npm:^2.0.0"
  checksum: 10/b36da2d3fd102053dadd953ce5c558328df12a63a8ac0e5aad13d4dda8e43b6a5d4a661baafe0a1cd8a260bead4b4a8e6e0e74193dd651e8484225bd4f4e68aa
  languageName: node
  linkType: hard

"micromark-util-resolve-all@npm:^2.0.0":
  version: 2.0.0
  resolution: "micromark-util-resolve-all@npm:2.0.0"
  dependencies:
    micromark-util-types: "npm:^2.0.0"
  checksum: 10/31fe703b85572cb3f598ebe32750e59516925c7ff1f66cfe6afaebe0771a395a9eaa770787f2523d3c46082ea80e6c14f83643303740b3d650af7c96ebd30ccc
  languageName: node
  linkType: hard

"micromark-util-sanitize-uri@npm:^2.0.0":
  version: 2.0.0
  resolution: "micromark-util-sanitize-uri@npm:2.0.0"
  dependencies:
    micromark-util-character: "npm:^2.0.0"
    micromark-util-encode: "npm:^2.0.0"
    micromark-util-symbol: "npm:^2.0.0"
  checksum: 10/7d10622f5a2bb058dda6d2e95b2735c43fdf8daa4f88a0863bc90eef6598f8e10e3df98e034341fcbc090d8021c53501308c463c49d3fe91f41eb64b5bf2766e
  languageName: node
  linkType: hard

"micromark-util-subtokenize@npm:^2.0.0":
  version: 2.0.0
  resolution: "micromark-util-subtokenize@npm:2.0.0"
  dependencies:
    devlop: "npm:^1.0.0"
    micromark-util-chunked: "npm:^2.0.0"
    micromark-util-symbol: "npm:^2.0.0"
    micromark-util-types: "npm:^2.0.0"
  checksum: 10/4d209894f9400ff73e093a4ce3d13870cd1f546b47e50355f849c4402cecd5d2039bd63bb624f2a09aaeba01a847634088942edb42f141e4869b3a85281cf64e
  languageName: node
  linkType: hard

"micromark-util-symbol@npm:^2.0.0":
  version: 2.0.0
  resolution: "micromark-util-symbol@npm:2.0.0"
  checksum: 10/8c662644c326b384f02a5269974d843d400930cf6f5d6a8e6db1743fc8933f5ecc125b4203ad4ebca25447f5d23eb7e5bf1f75af34570c3fdd925cb618752fcd
  languageName: node
  linkType: hard

"micromark-util-types@npm:^2.0.0":
  version: 2.0.0
  resolution: "micromark-util-types@npm:2.0.0"
  checksum: 10/b88e0eefd4b7c8d86b54dbf4ed0094ef56a3b0c7774d040bd5c8146b8e4e05b1026bbf1cd9308c8fcd05ecdc0784507680c8cee9888a4d3c550e6e574f7aef62
  languageName: node
  linkType: hard

"micromark@npm:^4.0.0":
  version: 4.0.0
  resolution: "micromark@npm:4.0.0"
  dependencies:
    "@types/debug": "npm:^4.0.0"
    debug: "npm:^4.0.0"
    decode-named-character-reference: "npm:^1.0.0"
    devlop: "npm:^1.0.0"
    micromark-core-commonmark: "npm:^2.0.0"
    micromark-factory-space: "npm:^2.0.0"
    micromark-util-character: "npm:^2.0.0"
    micromark-util-chunked: "npm:^2.0.0"
    micromark-util-combine-extensions: "npm:^2.0.0"
    micromark-util-decode-numeric-character-reference: "npm:^2.0.0"
    micromark-util-encode: "npm:^2.0.0"
    micromark-util-normalize-identifier: "npm:^2.0.0"
    micromark-util-resolve-all: "npm:^2.0.0"
    micromark-util-sanitize-uri: "npm:^2.0.0"
    micromark-util-subtokenize: "npm:^2.0.0"
    micromark-util-symbol: "npm:^2.0.0"
    micromark-util-types: "npm:^2.0.0"
  checksum: 10/a697c1c0c169077f5d5def9af26985baea9d4375395dcb974a96f63761d382b455d4595a60e856c83e653b1272a732e85128d992511d6dc938d61a35bdf98c99
  languageName: node
  linkType: hard

"ms@npm:2.1.2":
  version: 2.1.2
  resolution: "ms@npm:2.1.2"
  checksum: 10/673cdb2c3133eb050c745908d8ce632ed2c02d85640e2edb3ace856a2266a813b30c613569bf3354fdf4ea7d1a1494add3bfa95e2713baa27d0c2c71fc44f58f
  languageName: node
  linkType: hard

"ox@npm:0.9.6":
  version: 0.9.6
  resolution: "ox@npm:0.9.6"
  dependencies:
    "@adraffy/ens-normalize": "npm:^1.11.0"
    "@noble/ciphers": "npm:^1.3.0"
    "@noble/curves": "npm:1.9.1"
    "@noble/hashes": "npm:^1.8.0"
    "@scure/bip32": "npm:^1.7.0"
    "@scure/bip39": "npm:^1.6.0"
    abitype: "npm:^1.0.9"
    eventemitter3: "npm:5.0.1"
  peerDependencies:
    typescript: ">=5.4.0"
  peerDependenciesMeta:
    typescript:
      optional: true
  checksum: 10/9fb1a89c710c02366fe2fdda7db4e17474336456d3b80fa24e059b3d269b45e94abfe950d7f52b220abc33cde2b75d03d24f31493382a6bab37ec5aada2bd925
  languageName: node
  linkType: hard

"viem@npm:^2.21.54":
  version: 2.39.3
  resolution: "viem@npm:2.39.3"
  dependencies:
    "@noble/curves": "npm:1.9.1"
    "@noble/hashes": "npm:1.8.0"
    "@scure/bip32": "npm:1.7.0"
    "@scure/bip39": "npm:1.6.0"
    abitype: "npm:1.1.0"
    isows: "npm:1.0.7"
    ox: "npm:0.9.6"
    ws: "npm:8.18.3"
  peerDependencies:
    typescript: ">=5.0.4"
  peerDependenciesMeta:
    typescript:
      optional: true
  checksum: 10/a96066afc12b32558ea7a8050b639ec49fa3648ef9103cbd0ec2e00bed7e747c36468846a56a0f962a507f202c2244d3fb58a5edb404946ea7fb191894eed582
  languageName: node
  linkType: hard

"ws@npm:8.18.3":
  version: 8.18.3
  resolution: "ws@npm:8.18.3"
  peerDependencies:
    bufferutil: ^4.0.1
    utf-8-validate: ">=5.0.2"
  peerDependenciesMeta:
    bufferutil:
      optional: true
    utf-8-validate:
      optional: true
  checksum: 10/725964438d752f0ab0de582cd48d6eeada58d1511c3f613485b5598a83680bedac6187c765b0fe082e2d8cc4341fc57707c813ae780feee82d0c5efe6a4c61b6
  languageName: node
  linkType: hard

"yaml@npm:^2.4.1":
  version: 2.4.1
  resolution: "yaml@npm:2.4.1"
  bin:
    yaml: bin.mjs
  checksum: 10/2c54fd69ef59126758ae710f9756405a7d41abcbb61aca894250d0e81e76057c14dc9bb00a9528f72f99b8f24077f694a6f7fd09cdd6711fcec2eebfbb5df409
  languageName: node
  linkType: hard

"zod@npm:^3.22.4":
  version: 3.22.4
  resolution: "zod@npm:3.22.4"
  checksum: 10/73622ca36a916f785cf528fe612a884b3e0f183dbe6b33365a7d0fc92abdbedf7804c5e2bd8df0a278e1472106d46674281397a3dd800fa9031dc3429758c6ac
  languageName: node
  linkType: hard
